
Microsoft Visual Studio Solution File, Format Version 12.00
# Visual Studio Version 16
VisualStudioVersion = 16.0.29519.87
MinimumVisualStudioVersion = 10.0.40219.1
Project("{8BC9CEB8-8B4A-11D0-8D11-00A0C91BC942}") = "socketClientTCP", "socketClientTCP\socketClientTCP.vcxproj", "{FA1D91E4-38E0-46B4-BF7A-41D4418EFD43}"
EndProject
Global
	GlobalSection(SolutionConfigurationPlatforms) = preSolution
		Debug|x64 = Debug|x64
		Debug|x86 = Debug|x86
		Release|x64 = Release|x64
		Release|x86 = Release|x86
	EndGlobalSection
	GlobalSection(ProjectConfigurationPlatforms) = postSolution
		{FA1D91E4-38E0-46B4-BF7A-41D4418EFD43}.Debug|x64.ActiveCfg = Debug|x64
		{FA1D91E4-38E0-46B4-BF7A-41D4418EFD43}.Debug|x64.Build.0 = Debug|x64
		{FA1D91E4-38E0-46B4-BF7A-41D4418EFD43}.Debug|x86.ActiveCfg = Debug|Win32
		{FA1D91E4-38E0-46B4-BF7A-41D4418EFD43}.Debug|x86.Build.0 = Debug|Win32
		{FA1D91E4-38E0-46B4-BF7A-41D4418EFD43}.Release|x64.ActiveCfg = Release|x64
		{FA1D91E4-38E0-46B4-BF7A-41D4418EFD43}.Release|x64.Build.0 = Release|x64
		{FA1D91E4-38E0-46B4-BF7A-41D4418EFD43}.Release|x86.ActiveCfg = Release|Win32
		{FA1D91E4-38E0-46B4-BF7A-41D4418EFD43}.Release|x86.Build.0 = Release|Win32
	EndGlobalSection
	GlobalSection(SolutionProperties) = preSolution
		HideSolutionNode = FALSE
	EndGlobalSection
	GlobalSection(ExtensibilityGlobals) = postSolution
		SolutionGuid = {6E24A4BD-FCB8-4020-9D44-1508461BB4E9}
	EndGlobalSection
EndGlobal
